github.com/Sirupsen/logrus v0.10.0 h1:I5b9VTLOttchcwWCzzNfRDAW2EFGlEN49hyoyq6d2ZI=
github.com/Sirupsen/logrus v0.10.0/go.mod h1:rmk17hk6i8ZSAJkSDa7nOxamrG+SP4P0mm+DAvExv4U=
github.com/golang/protobuf v0.0.0-20160330002340-dda510ac0fd4 h1:RAZzufR98xNRvRFixpiZwoTGHUdU8xFgNcdtJfCWnec=
github.com/golang/protobuf v0.0.0-20160330002340-dda510ac0fd4/go.mod h1:6lQm79b+lXiMfvg/cZm0SGofjICqVBUtrP5yJMmIC1U=
github.com/golang/protobuf v1.3.1 h1:YF8+flBXS5eO826T4nzqPrxfhQThhXl0YzfuUPu4SBg=
github.com/golang/snappy v0.0.0-20160304054822-5f1c01d9f64b h1:C3hVru/g8Rb+fEoQNofrQXu1HfzdFch1nYsYOhjtXJA=
github.com/golang/snappy v0.0.0-20160304054822-5f1c01d9f64b/go.mod h1:/XxbfmMg8lxefKM7IXC3fBNl/7bRcc72aCRzEWrmP2Q=
github.com/kezhuw/guard v0.0.0-20160330065426-012d053f1702 h1:UVmSJeciBbSzuGEnLM8nc5AAURv2oJKpg489ObUxX90=
github.com/kezhuw/guard v0.0.0-20160330065426-012d053f1702/go.mod h1:BAule6qDdlirHoykFzrfSTYCeoOWxpaNDu+vAu0F5nY=
github.com/kezhuw/leveldb v0.0.0-20160523211226-f4c8e5e6c81b h1:LOkPnffdfD4UTJkBCQtE4oXxdt8PWsVJGWW0p/Fyo9U=
github.com/kezhuw/leveldb v0.0.0-20160523211226-f4c8e5e6c81b/go.mod h1:iilbAtDtt1ngBLTY3V8HsjvDamyaVFktM/lkVNeLm8g=
github.com/kezhuw/neterrs v0.0.0-20160328103629-422a84c9dc5f h1:aRG27yhfkT5YfLXvj3fYZM1amtr8YY2RvnP92uG9bac=
github.com/kezhuw/neterrs v0.0.0-20160328103629-422a84c9dc5f/go.mod h1:6zr5FY+D4HjmIiA9wSHkGBtD7rTVCXJpj2OYKZs49WY=
github.com/kezhuw/toml v0.0.0-20160123093527-d917dda83f61 h1:C8cb5MG9JUjy+f40ZhbBiOxl9vNVgdlEShlQt82+LLM=
github.com/kezhuw/toml v0.0.0-20160123093527-d917dda83f61/go.mod h1:3mR+UfyFfIKtzC0bLfMnMz1lyDaRLlTQAIrOfa1vOfw=
github.com/onsi/ginkgo v1.2.1-0.20160314195341-c3a655f9b37a h1:pPMpXkoM07GvwtFuclMHogRm/hG+h8FlCAAJ2x3tSVY=
github.com/onsi/ginkgo v1.2.1-0.20160314195341-c3a655f9b37a/go.mod h1:lLunBs/Ym6LB5Z9jYTR76FiuTmxDTDusOGeTQH+WWjE=
github.com/onsi/gomega v0.0.0-20160305213952-7ce781ea776b h1:kgsQnx6UMOb4IUoPu88G/3dEIm6JSO5BWvwQ3eOmU28=
github.com/onsi/gomega v0.0.0-20160305213952-7ce781ea776b/go.mod h1:C1qb7wdrVGGVU+Z6iS04AVkA3Q65CEZX59MT0QO5uiA=
github.com/peterh/liner v1.0.1-0.20160326150014-49ca65981c3c h1:VmQE/xNfQJ1koTLdc0YUtkfnqkW2HqMuQHIwQWuF+ac=
github.com/peterh/liner v1.0.1-0.20160326150014-49ca65981c3c/go.mod h1:xIteQHvHuaLYG9IFj6mSxM0fCKrs34IrEQUhOYuGPHc=
